// !$*UTF8*$!
{
	archiveVersion = 1;
	classes = {
	};
	objectVersion = 50;
	objects = {

/* Begin PBXBuildFile section */
		2D49A3EB211DD0E20012D1D6 /* RequestHelper.swift in Sources */ = {isa = PBXBuildFile; fileRef = 2D49A3EA211DD0E20012D1D6 /* RequestHelper.swift */; };
		2D49A3ED211DD64B0012D1D6 /* CacheManager.swift in Sources */ = {isa = PBXBuildFile; fileRef = 2D49A3EC211DD64B0012D1D6 /* CacheManager.swift */; };
		2D49A3EF211DDA350012D1D6 /* RequestBuilder.swift in Sources */ = {isa = PBXBuildFile; fileRef = 2D49A3EE211DDA350012D1D6 /* RequestBuilder.swift */; };
		2D49A3F1211DF9360012D1D6 /* ImageDownloader.swift in Sources */ = {isa = PBXBuildFile; fileRef = 2D49A3F0211DF9360012D1D6 /* ImageDownloader.swift */; };
		2D49A3F3211DFC600012D1D6 /* NetworkOperation.swift in Sources */ = {isa = PBXBuildFile; fileRef = 2D49A3F2211DFC600012D1D6 /* NetworkOperation.swift */; };
		2D49A3F7211DFE9F0012D1D6 /* UnsplashCollectionviewController.swift in Sources */ = {isa = PBXBuildFile; fileRef = 2D49A3F6211DFE9F0012D1D6 /* UnsplashCollectionviewController.swift */; };
		2D49A3F9211E00450012D1D6 /* BaseViewController.swift in Sources */ = {isa = PBXBuildFile; fileRef = 2D49A3F8211E00450012D1D6 /* BaseViewController.swift */; };
		2D49A3FD211E036C0012D1D6 /* UnspleshCollectionImageCell.swift in Sources */ = {isa = PBXBuildFile; fileRef = 2D49A3FB211E036C0012D1D6 /* UnspleshCollectionImageCell.swift */; };
		2D49A3FE211E036C0012D1D6 /* UnspleshCollectionImageCell.xib in Resources */ = {isa = PBXBuildFile; fileRef = 2D49A3FC211E036C0012D1D6 /* UnspleshCollectionImageCell.xib */; };
		2D49A401211E03DD0012D1D6 /* UnsplashCollectionHeaderView.swift in Sources */ = {isa = PBXBuildFile; fileRef = 2D49A3FF211E03DD0012D1D6 /* UnsplashCollectionHeaderView.swift */; };
		2D49A402211E03DD0012D1D6 /* UnsplashCollectionHeaderView.xib in Resources */ = {isa = PBXBuildFile; fileRef = 2D49A400211E03DD0012D1D6 /* UnsplashCollectionHeaderView.xib */; };
		2D49A405211E03F90012D1D6 /* UnsplashCollectionFooterView.swift in Sources */ = {isa = PBXBuildFile; fileRef = 2D49A403211E03F90012D1D6 /* UnsplashCollectionFooterView.swift */; };
		2D49A406211E03F90012D1D6 /* UnsplashCollectionFooterView.xib in Resources */ = {isa = PBXBuildFile; fileRef = 2D49A404211E03F90012D1D6 /* UnsplashCollectionFooterView.xib */; };
		2D49A408211E05CA0012D1D6 /* UnspleshImageViewModel.swift in Sources */ = {isa = PBXBuildFile; fileRef = 2D49A407211E05CA0012D1D6 /* UnspleshImageViewModel.swift */; };
		2D49A40A211E1A920012D1D6 /* UnsplashCollectionViewViewModel.swift in Sources */ = {isa = PBXBuildFile; fileRef = 2D49A409211E1A920012D1D6 /* UnsplashCollectionViewViewModel.swift */; };
		2D49A40C211E2D710012D1D6 /* Utility.swift in Sources */ = {isa = PBXBuildFile; fileRef = 2D49A40B211E2D710012D1D6 /* Utility.swift */; };
		2D9E5301211EDC000073A48E /* ResponseSerializer.swift in Sources */ = {isa = PBXBuildFile; fileRef = 2D9E5300211EDC000073A48E /* ResponseSerializer.swift */; };
		2D9E5303211EE3D90073A48E /* BaseViewModel.swift in Sources */ = {isa = PBXBuildFile; fileRef = 2D9E5302211EE3D90073A48E /* BaseViewModel.swift */; };
		2D9E5308211F243D0073A48E /* Tags.swift in Sources */ = {isa = PBXBuildFile; fileRef = 2D9E5304211F243D0073A48E /* Tags.swift */; };
		2D9E5309211F243D0073A48E /* Links.swift in Sources */ = {isa = PBXBuildFile; fileRef = 2D9E5305211F243D0073A48E /* Links.swift */; };
		2D9E530A211F243D0073A48E /* Urls.swift in Sources */ = {isa = PBXBuildFile; fileRef = 2D9E5306211F243D0073A48E /* Urls.swift */; };
		2D9E530B211F243D0073A48E /* User.swift in Sources */ = {isa = PBXBuildFile; fileRef = 2D9E5307211F243D0073A48E /* User.swift */; };
		2D9E530E211F254B0073A48E /* ProfileImage.swift in Sources */ = {isa = PBXBuildFile; fileRef = 2D9E530C211F254A0073A48E /* ProfileImage.swift */; };
		2D9E530F211F254B0073A48E /* PhotoTags.swift in Sources */ = {isa = PBXBuildFile; fileRef = 2D9E530D211F254A0073A48E /* PhotoTags.swift */; };
		2D9E5311211F26AB0073A48E /* USPhotoDownload.swift in Sources */ = {isa = PBXBuildFile; fileRef = 2D9E5310211F26AB0073A48E /* USPhotoDownload.swift */; };
		2D9E5313211F4A170073A48E /* AsynchronousOperation.swift in Sources */ = {isa = PBXBuildFile; fileRef = 2D9E5312211F4A170073A48E /* AsynchronousOperation.swift */; };
		2D9E5315211FED8C0073A48E /* NetworkManager.swift in Sources */ = {isa = PBXBuildFile; fileRef = 2D9E5314211FED8C0073A48E /* NetworkManager.swift */; };
		2D9E53182120281D0073A48E /* UnsplashAuthManager.swift in Sources */ = {isa = PBXBuildFile; fileRef = 2D9E53172120281D0073A48E /* UnsplashAuthManager.swift */; };
		2D9E531B21207E3E0073A48E /* WebKit.framework in Frameworks */ = {isa = PBXBuildFile; fileRef = 2D9E531A21207E3E0073A48E /* WebKit.framework */; };
		2D9E531D2120B2570073A48E /* UnsplashAccessToken.swift in Sources */ = {isa = PBXBuildFile; fileRef = 2D9E531C2120B2570073A48E /* UnsplashAccessToken.swift */; };
		2DB9FF50211D6AE40075746F /* AppDelegate.swift in Sources */ = {isa = PBXBuildFile; fileRef = 2DB9FF4F211D6AE40075746F /* AppDelegate.swift */; };
		2DB9FF52211D6AE40075746F /* RootViewController.swift in Sources */ = {isa = PBXBuildFile; fileRef = 2DB9FF51211D6AE40075746F /* RootViewController.swift */; };
		2DB9FF55211D6AE40075746F /* Main.storyboard in Resources */ = {isa = PBXBuildFile; fileRef = 2DB9FF53211D6AE40075746F /* Main.storyboard */; };
		2DB9FF57211D6AE60075746F /* Assets.xcassets in Resources */ = {isa = PBXBuildFile; fileRef = 2DB9FF56211D6AE60075746F /* Assets.xcassets */; };
		2DB9FF5A211D6AE60075746F /* LaunchScreen.storyboard in Resources */ = {isa = PBXBuildFile; fileRef = 2DB9FF58211D6AE60075746F /* LaunchScreen.storyboard */; };
		2DB9FF65211D6AE60075746F /* UnsplashCollectionTests.swift in Sources */ = {isa = PBXBuildFile; fileRef = 2DB9FF64211D6AE60075746F /* UnsplashCollectionTests.swift */; };
		2DB9FF71211D6CFB0075746F /* UIColor+Additions.swift in Sources */ = {isa = PBXBuildFile; fileRef = 2DB9FF6F211D6CFA0075746F /* UIColor+Additions.swift */; };
		2DB9FF72211D6CFB0075746F /* UIFont+Additions.swift in Sources */ = {isa = PBXBuildFile; fileRef = 2DB9FF70211D6CFB0075746F /* UIFont+Additions.swift */; };
		2DB9FF7B211D70480075746F /* Image.swift in Sources */ = {isa = PBXBuildFile; fileRef = 2DB9FF7A211D70480075746F /* Image.swift */; };
		2DB9FF7F211D7B020075746F /* NetworkQueueManager.swift in Sources */ = {isa = PBXBuildFile; fileRef = 2DB9FF7E211D7B020075746F /* NetworkQueueManager.swift */; };
/* End PBXBuildFile section */

/* Begin PBXContainerItemProxy section */
		2DB9FF61211D6AE60075746F /* PBXContainerItemProxy */ = {
			isa = PBXContainerItemProxy;
			containerPortal = 2DB9FF44211D6AE40075746F /* Project object */;
			proxyType = 1;
			remoteGlobalIDString = 2DB9FF4B211D6AE40075746F;
			remoteInfo = UnsplashCollection;
		};
/* End PBXContainerItemProxy section */

/* Begin PBXFileReference section */
		2D49A3EA211DD0E20012D1D6 /* RequestHelper.swift */ = {isa = PBXFileReference; lastKnownFileType = sourcecode.swift; path = RequestHelper.swift; sourceTree = "<group>"; };
		2D49A3EC211DD64B0012D1D6 /* CacheManager.swift */ = {isa = PBXFileReference; lastKnownFileType = sourcecode.swift; path = CacheManager.swift; sourceTree = "<group>"; };
		2D49A3EE211DDA350012D1D6 /* RequestBuilder.swift */ = {isa = PBXFileReference; lastKnownFileType = sourcecode.swift; path = RequestBuilder.swift; sourceTree = "<group>"; };
		2D49A3F0211DF9360012D1D6 /* ImageDownloader.swift */ = {isa = PBXFileReference; fileEncoding = 4; lastKnownFileType = sourcecode.swift; path = ImageDownloader.swift; sourceTree = "<group>"; };
		2D49A3F2211DFC600012D1D6 /* NetworkOperation.swift */ = {isa = PBXFileReference; fileEncoding = 4; lastKnownFileType = sourcecode.swift; path = NetworkOperation.swift; sourceTree = "<group>"; };
		2D49A3F6211DFE9F0012D1D6 /* UnsplashCollectionviewController.swift */ = {isa = PBXFileReference; lastKnownFileType = sourcecode.swift; path = UnsplashCollectionviewController.swift; sourceTree = "<group>"; };
		2D49A3F8211E00450012D1D6 /* BaseViewController.swift */ = {isa = PBXFileReference; lastKnownFileType = sourcecode.swift; path = BaseViewController.swift; sourceTree = "<group>"; };
		2D49A3FB211E036C0012D1D6 /* UnspleshCollectionImageCell.swift */ = {isa = PBXFileReference; lastKnownFileType = sourcecode.swift; path = UnspleshCollectionImageCell.swift; sourceTree = "<group>"; };
		2D49A3FC211E036C0012D1D6 /* UnspleshCollectionImageCell.xib */ = {isa = PBXFileReference; lastKnownFileType = file.xib; path = UnspleshCollectionImageCell.xib; sourceTree = "<group>"; };
		2D49A3FF211E03DD0012D1D6 /* UnsplashCollectionHeaderView.swift */ = {isa = PBXFileReference; lastKnownFileType = sourcecode.swift; path = UnsplashCollectionHeaderView.swift; sourceTree = "<group>"; };
		2D49A400211E03DD0012D1D6 /* UnsplashCollectionHeaderView.xib */ = {isa = PBXFileReference; lastKnownFileType = file.xib; path = UnsplashCollectionHeaderView.xib; sourceTree = "<group>"; };
		2D49A403211E03F90012D1D6 /* UnsplashCollectionFooterView.swift */ = {isa = PBXFileReference; lastKnownFileType = sourcecode.swift; path = UnsplashCollectionFooterView.swift; sourceTree = "<group>"; };
		2D49A404211E03F90012D1D6 /* UnsplashCollectionFooterView.xib */ = {isa = PBXFileReference; lastKnownFileType = file.xib; path = UnsplashCollectionFooterView.xib; sourceTree = "<group>"; };
		2D49A407211E05CA0012D1D6 /* UnspleshImageViewModel.swift */ = {isa = PBXFileReference; lastKnownFileType = sourcecode.swift; path = UnspleshImageViewModel.swift; sourceTree = "<group>"; };
		2D49A409211E1A920012D1D6 /* UnsplashCollectionViewViewModel.swift */ = {isa = PBXFileReference; lastKnownFileType = sourcecode.swift; path = UnsplashCollectionViewViewModel.swift; sourceTree = "<group>"; };
		2D49A40B211E2D710012D1D6 /* Utility.swift */ = {isa = PBXFileReference; lastKnownFileType = sourcecode.swift; path = Utility.swift; sourceTree = "<group>"; };
		2D9E5300211EDC000073A48E /* ResponseSerializer.swift */ = {isa = PBXFileReference; lastKnownFileType = sourcecode.swift; path = ResponseSerializer.swift; sourceTree = "<group>"; };
		2D9E5302211EE3D90073A48E /* BaseViewModel.swift */ = {isa = PBXFileReference; lastKnownFileType = sourcecode.swift; path = BaseViewModel.swift; sourceTree = "<group>"; };
		2D9E5304211F243D0073A48E /* Tags.swift */ = {isa = PBXFileReference; fileEncoding = 4; lastKnownFileType = sourcecode.swift; path = Tags.swift; sourceTree = "<group>"; };
		2D9E5305211F243D0073A48E /* Links.swift */ = {isa = PBXFileReference; fileEncoding = 4; lastKnownFileType = sourcecode.swift; path = Links.swift; sourceTree = "<group>"; };
		2D9E5306211F243D0073A48E /* Urls.swift */ = {isa = PBXFileReference; fileEncoding = 4; lastKnownFileType = sourcecode.swift; path = Urls.swift; sourceTree = "<group>"; };
		2D9E5307211F243D0073A48E /* User.swift */ = {isa = PBXFileReference; fileEncoding = 4; lastKnownFileType = sourcecode.swift; path = User.swift; sourceTree = "<group>"; };
		2D9E530C211F254A0073A48E /* ProfileImage.swift */ = {isa = PBXFileReference; fileEncoding = 4; lastKnownFileType = sourcecode.swift; path = ProfileImage.swift; sourceTree = "<group>"; };
		2D9E530D211F254A0073A48E /* PhotoTags.swift */ = {isa = PBXFileReference; fileEncoding = 4; lastKnownFileType = sourcecode.swift; path = PhotoTags.swift; sourceTree = "<group>"; };
		2D9E5310211F26AB0073A48E /* USPhotoDownload.swift */ = {isa = PBXFileReference; lastKnownFileType = sourcecode.swift; path = USPhotoDownload.swift; sourceTree = "<group>"; };
		2D9E5312211F4A170073A48E /* AsynchronousOperation.swift */ = {isa = PBXFileReference; lastKnownFileType = sourcecode.swift; path = AsynchronousOperation.swift; sourceTree = "<group>"; };
		2D9E5314211FED8C0073A48E /* NetworkManager.swift */ = {isa = PBXFileReference; lastKnownFileType = sourcecode.swift; path = NetworkManager.swift; sourceTree = "<group>"; };
		2D9E53172120281D0073A48E /* UnsplashAuthManager.swift */ = {isa = PBXFileReference; fileEncoding = 4; lastKnownFileType = sourcecode.swift; path = UnsplashAuthManager.swift; sourceTree = "<group>"; };
		2D9E531A21207E3E0073A48E /* WebKit.framework */ = {isa = PBXFileReference; lastKnownFileType = wrapper.framework; name = WebKit.framework; path = System/Library/Frameworks/WebKit.framework; sourceTree = SDKROOT; };
		2D9E531C2120B2570073A48E /* UnsplashAccessToken.swift */ = {isa = PBXFileReference; lastKnownFileType = sourcecode.swift; path = UnsplashAccessToken.swift; sourceTree = "<group>"; };
		2DB9FF4C211D6AE40075746F /* UnsplashCollection.app */ = {isa = PBXFileReference; explicitFileType = wrapper.application; includeInIndex = 0; path = UnsplashCollection.app; sourceTree = BUILT_PRODUCTS_DIR; };
		2DB9FF4F211D6AE40075746F /* AppDelegate.swift */ = {isa = PBXFileReference; lastKnownFileType = sourcecode.swift; path = AppDelegate.swift; sourceTree = "<group>"; };
		2DB9FF51211D6AE40075746F /* RootViewController.swift */ = {isa = PBXFileReference; lastKnownFileType = sourcecode.swift; path = RootViewController.swift; sourceTree = "<group>"; };
		2DB9FF54211D6AE40075746F /* Base */ = {isa = PBXFileReference; lastKnownFileType = file.storyboard; name = Base; path = Base.lproj/Main.storyboard; sourceTree = "<group>"; };
		2DB9FF56211D6AE60075746F /* Assets.xcassets */ = {isa = PBXFileReference; lastKnownFileType = folder.assetcatalog; path = Assets.xcassets; sourceTree = "<group>"; };
		2DB9FF59211D6AE60075746F /* Base */ = {isa = PBXFileReference; lastKnownFileType = file.storyboard; name = Base; path = Base.lproj/LaunchScreen.storyboard; sourceTree = "<group>"; };
		2DB9FF5B211D6AE60075746F /* Info.plist */ = {isa = PBXFileReference; lastKnownFileType = text.plist.xml; path = Info.plist; sourceTree = "<group>"; };
		2DB9FF60211D6AE60075746F /* UnsplashCollectionTests.xctest */ = {isa = PBXFileReference; explicitFileType = wrapper.cfbundle; includeInIndex = 0; path = UnsplashCollectionTests.xctest; sourceTree = BUILT_PRODUCTS_DIR; };
		2DB9FF64211D6AE60075746F /* UnsplashCollectionTests.swift */ = {isa = PBXFileReference; lastKnownFileType = sourcecode.swift; path = UnsplashCollectionTests.swift; sourceTree = "<group>"; };
		2DB9FF66211D6AE60075746F /* Info.plist */ = {isa = PBXFileReference; lastKnownFileType = text.plist.xml; path = Info.plist; sourceTree = "<group>"; };
		2DB9FF6F211D6CFA0075746F /* UIColor+Additions.swift */ = {isa = PBXFileReference; fileEncoding = 4; lastKnownFileType = sourcecode.swift; path = "UIColor+Additions.swift"; sourceTree = "<group>"; };
		2DB9FF70211D6CFB0075746F /* UIFont+Additions.swift */ = {isa = PBXFileReference; fileEncoding = 4; lastKnownFileType = sourcecode.swift; path = "UIFont+Additions.swift"; sourceTree = "<group>"; };
		2DB9FF7A211D70480075746F /* Image.swift */ = {isa = PBXFileReference; lastKnownFileType = sourcecode.swift; path = Image.swift; sourceTree = "<group>"; };
		2DB9FF7E211D7B020075746F /* NetworkQueueManager.swift */ = {isa = PBXFileReference; lastKnownFileType = sourcecode.swift; path = NetworkQueueManager.swift; sourceTree = "<group>"; };
/* End PBXFileReference section */

/* Begin PBXFrameworksBuildPhase section */
		2DB9FF49211D6AE40075746F /* Frameworks */ = {
			isa = PBXFrameworksBuildPhase;
			buildActionMask = 2147483647;
			files = (
				2D9E531B21207E3E0073A48E /* WebKit.framework in Frameworks */,
			);
			runOnlyForDeploymentPostprocessing = 0;
		};
		2DB9FF5D211D6AE60075746F /* Frameworks */ = {
			isa = PBXFrameworksBuildPhase;
			buildActionMask = 2147483647;
			files = (
			);
			runOnlyForDeploymentPostprocessing = 0;
		};
/* End PBXFrameworksBuildPhase section */

/* Begin PBXGroup section */
		2D49A3FA211E02930012D1D6 /* View */ = {
			isa = PBXGroup;
			children = (
				2D49A3FB211E036C0012D1D6 /* UnspleshCollectionImageCell.swift */,
				2D49A3FC211E036C0012D1D6 /* UnspleshCollectionImageCell.xib */,
				2D49A3FF211E03DD0012D1D6 /* UnsplashCollectionHeaderView.swift */,
				2D49A400211E03DD0012D1D6 /* UnsplashCollectionHeaderView.xib */,
				2D49A403211E03F90012D1D6 /* UnsplashCollectionFooterView.swift */,
				2D49A404211E03F90012D1D6 /* UnsplashCollectionFooterView.xib */,
			);
			path = View;
			sourceTree = "<group>";
		};
		2D9E5316212027EA0073A48E /* Unsplashed */ = {
			isa = PBXGroup;
			children = (
				2D9E53172120281D0073A48E /* UnsplashAuthManager.swift */,
				2D9E531C2120B2570073A48E /* UnsplashAccessToken.swift */,
			);
			path = Unsplashed;
			sourceTree = "<group>";
		};
		2D9E531921207E3D0073A48E /* Frameworks */ = {
			isa = PBXGroup;
			children = (
				2D9E531A21207E3E0073A48E /* WebKit.framework */,
			);
			name = Frameworks;
			sourceTree = "<group>";
		};
		2DB9FF43211D6AE40075746F = {
			isa = PBXGroup;
			children = (
				2DB9FF4E211D6AE40075746F /* UnsplashCollection */,
				2DB9FF63211D6AE60075746F /* UnsplashCollectionTests */,
				2DB9FF4D211D6AE40075746F /* Products */,
				2D9E531921207E3D0073A48E /* Frameworks */,
			);
			sourceTree = "<group>";
		};
		2DB9FF4D211D6AE40075746F /* Products */ = {
			isa = PBXGroup;
			children = (
				2DB9FF4C211D6AE40075746F /* UnsplashCollection.app */,
				2DB9FF60211D6AE60075746F /* UnsplashCollectionTests.xctest */,
			);
			name = Products;
			sourceTree = "<group>";
		};
		2DB9FF4E211D6AE40075746F /* UnsplashCollection */ = {
			isa = PBXGroup;
			children = (
				2DB9FF74211D6E080075746F /* NetworkManager */,
				2DB9FF75211D6E180075746F /* Model */,
				2D49A3FA211E02930012D1D6 /* View */,
				2DB9FF77211D6F200075746F /* ViewModel */,
				2DB9FF76211D6F100075746F /* Controller */,
				2DB9FF73211D6D100075746F /* StyleGuide */,
				2DB9FF4F211D6AE40075746F /* AppDelegate.swift */,
				2DB9FF53211D6AE40075746F /* Main.storyboard */,
				2DB9FF56211D6AE60075746F /* Assets.xcassets */,
				2DB9FF58211D6AE60075746F /* LaunchScreen.storyboard */,
				2DB9FF5B211D6AE60075746F /* Info.plist */,
			);
			path = UnsplashCollection;
			sourceTree = "<group>";
		};
		2DB9FF63211D6AE60075746F /* UnsplashCollectionTests */ = {
			isa = PBXGroup;
			children = (
				2DB9FF64211D6AE60075746F /* UnsplashCollectionTests.swift */,
				2DB9FF66211D6AE60075746F /* Info.plist */,
			);
			path = UnsplashCollectionTests;
			sourceTree = "<group>";
		};
		2DB9FF73211D6D100075746F /* StyleGuide */ = {
			isa = PBXGroup;
			children = (
				2DB9FF6F211D6CFA0075746F /* UIColor+Additions.swift */,
				2DB9FF70211D6CFB0075746F /* UIFont+Additions.swift */,
			);
			name = StyleGuide;
			path = "New Group";
			sourceTree = "<group>";
		};
		2DB9FF74211D6E080075746F /* NetworkManager */ = {
			isa = PBXGroup;
			children = (
				2D9E5316212027EA0073A48E /* Unsplashed */,
				2D9E5314211FED8C0073A48E /* NetworkManager.swift */,
				2DB9FF7E211D7B020075746F /* NetworkQueueManager.swift */,
				2D49A3EC211DD64B0012D1D6 /* CacheManager.swift */,
				2D49A3EA211DD0E20012D1D6 /* RequestHelper.swift */,
				2D49A3EE211DDA350012D1D6 /* RequestBuilder.swift */,
				2D9E5312211F4A170073A48E /* AsynchronousOperation.swift */,
				2D49A3F2211DFC600012D1D6 /* NetworkOperation.swift */,
				2D49A3F0211DF9360012D1D6 /* ImageDownloader.swift */,
				2D49A40B211E2D710012D1D6 /* Utility.swift */,
				2D9E5300211EDC000073A48E /* ResponseSerializer.swift */,
			);
			path = NetworkManager;
			sourceTree = "<group>";
		};
		2DB9FF75211D6E180075746F /* Model */ = {
			isa = PBXGroup;
			children = (
				2D9E530D211F254A0073A48E /* PhotoTags.swift */,
				2D9E530C211F254A0073A48E /* ProfileImage.swift */,
				2D9E5305211F243D0073A48E /* Links.swift */,
				2D9E5304211F243D0073A48E /* Tags.swift */,
				2D9E5306211F243D0073A48E /* Urls.swift */,
				2D9E5307211F243D0073A48E /* User.swift */,
				2DB9FF7A211D70480075746F /* Image.swift */,
				2D9E5310211F26AB0073A48E /* USPhotoDownload.swift */,
			);
			path = Model;
			sourceTree = "<group>";
		};
		2DB9FF76211D6F100075746F /* Controller */ = {
			isa = PBXGroup;
			children = (
				2D49A3F8211E00450012D1D6 /* BaseViewController.swift */,
				2DB9FF51211D6AE40075746F /* RootViewController.swift */,
				2D49A3F6211DFE9F0012D1D6 /* UnsplashCollectionviewController.swift */,
			);
			path = Controller;
			sourceTree = "<group>";
		};
		2DB9FF77211D6F200075746F /* ViewModel */ = {
			isa = PBXGroup;
			children = (
				2D49A407211E05CA0012D1D6 /* UnspleshImageViewModel.swift */,
				2D49A409211E1A920012D1D6 /* UnsplashCollectionViewViewModel.swift */,
				2D9E5302211EE3D90073A48E /* BaseViewModel.swift */,
			);
			path = ViewModel;
			sourceTree = "<group>";
		};
/* End PBXGroup section */

/* Begin PBXNativeTarget section */
		2DB9FF4B211D6AE40075746F /* UnsplashCollection */ = {
			isa = PBXNativeTarget;
			buildConfigurationList = 2DB9FF69211D6AE60075746F /* Build configuration list for PBXNativeTarget "UnsplashCollection" */;
			buildPhases = (
				2DB9FF48211D6AE40075746F /* Sources */,
				2DB9FF49211D6AE40075746F /* Frameworks */,
				2DB9FF4A211D6AE40075746F /* Resources */,
			);
			buildRules = (
			);
			dependencies = (
			);
			name = UnsplashCollection;
			productName = UnsplashCollection;
			productReference = 2DB9FF4C211D6AE40075746F /* UnsplashCollection.app */;
			productType = "com.apple.product-type.application";
		};
		2DB9FF5F211D6AE60075746F /* UnsplashCollectionTests */ = {
			isa = PBXNativeTarget;
			buildConfigurationList = 2DB9FF6C211D6AE60075746F /* Build configuration list for PBXNativeTarget "UnsplashCollectionTests" */;
			buildPhases = (
				2DB9FF5C211D6AE60075746F /* Sources */,
				2DB9FF5D211D6AE60075746F /* Frameworks */,
				2DB9FF5E211D6AE60075746F /* Resources */,
			);
			buildRules = (
			);
			dependencies = (
				2DB9FF62211D6AE60075746F /* PBXTargetDependency */,
			);
			name = UnsplashCollectionTests;
			productName = UnsplashCollectionTests;
			productReference = 2DB9FF60211D6AE60075746F /* UnsplashCollectionTests.xctest */;
			productType = "com.apple.product-type.bundle.unit-test";
		};
/* End PBXNativeTarget section */

/* Begin PBXProject section */
		2DB9FF44211D6AE40075746F /* Project object */ = {
			isa = PBXProject;
			attributes = {
				LastSwiftUpdateCheck = 0930;
				LastUpgradeCheck = 0930;
				ORGANIZATIONNAME = "Pal,Kaushlendra";
				TargetAttributes = {
					2DB9FF4B211D6AE40075746F = {
						CreatedOnToolsVersion = 9.3.1;
					};
					2DB9FF5F211D6AE60075746F = {
						CreatedOnToolsVersion = 9.3.1;
						TestTargetID = 2DB9FF4B211D6AE40075746F;
					};
				};
			};
			buildConfigurationList = 2DB9FF47211D6AE40075746F /* Build configuration list for PBXProject "UnsplashCollection" */;
			compatibilityVersion = "Xcode 9.3";
			developmentRegion = en;
			hasScannedForEncodings = 0;
			knownRegions = (
				en,
				Base,
			);
			mainGroup = 2DB9FF43211D6AE40075746F;
			productRefGroup = 2DB9FF4D211D6AE40075746F /* Products */;
			projectDirPath = "";
			projectRoot = "";
			targets = (
				2DB9FF4B211D6AE40075746F /* UnsplashCollection */,
				2DB9FF5F211D6AE60075746F /* UnsplashCollectionTests */,
			);
		};
/* End PBXProject section */

/* Begin PBXResourcesBuildPhase section */
		2DB9FF4A211D6AE40075746F /* Resources */ = {
			isa = PBXResourcesBuildPhase;
			buildActionMask = 2147483647;
			files = (
				2D49A406211E03F90012D1D6 /* UnsplashCollectionFooterView.xib in Resources */,
				2DB9FF5A211D6AE60075746F /* LaunchScreen.storyboard in Resources */,
				2D49A3FE211E036C0012D1D6 /* UnspleshCollectionImageCell.xib in Resources */,
				2DB9FF57211D6AE60075746F /* Assets.xcassets in Resources */,
				2DB9FF55211D6AE40075746F /* Main.storyboard in Resources */,
				2D49A402211E03DD0012D1D6 /* UnsplashCollectionHeaderView.xib in Resources */,
			);
			runOnlyForDeploymentPostprocessing = 0;
		};
		2DB9FF5E211D6AE60075746F /* Resources */ = {
			isa = PBXResourcesBuildPhase;
			buildActionMask = 2147483647;
			files = (
			);
			runOnlyForDeploymentPostprocessing = 0;
		};
/* End PBXResourcesBuildPhase section */

/* Begin PBXSourcesBuildPhase section */
		2DB9FF48211D6AE40075746F /* Sources */ = {
			isa = PBXSourcesBuildPhase;
			buildActionMask = 2147483647;
			files = (
				2D49A3F9211E00450012D1D6 /* BaseViewController.swift in Sources */,
				2DB9FF72211D6CFB0075746F /* UIFont+Additions.swift in Sources */,
				2D9E530F211F254B0073A48E /* PhotoTags.swift in Sources */,
				2D9E5308211F243D0073A48E /* Tags.swift in Sources */,
				2D9E530E211F254B0073A48E /* ProfileImage.swift in Sources */,
				2D9E530B211F243D0073A48E /* User.swift in Sources */,
				2D9E530A211F243D0073A48E /* Urls.swift in Sources */,
				2DB9FF7B211D70480075746F /* Image.swift in Sources */,
				2DB9FF52211D6AE40075746F /* RootViewController.swift in Sources */,
				2D49A3EF211DDA350012D1D6 /* RequestBuilder.swift in Sources */,
				2D9E5311211F26AB0073A48E /* USPhotoDownload.swift in Sources */,
				2D49A408211E05CA0012D1D6 /* UnspleshImageViewModel.swift in Sources */,
				2D9E5315211FED8C0073A48E /* NetworkManager.swift in Sources */,
				2D49A40C211E2D710012D1D6 /* Utility.swift in Sources */,
				2D9E5309211F243D0073A48E /* Links.swift in Sources */,
				2D49A405211E03F90012D1D6 /* UnsplashCollectionFooterView.swift in Sources */,
				2D49A40A211E1A920012D1D6 /* UnsplashCollectionViewViewModel.swift in Sources */,
				2D49A3FD211E036C0012D1D6 /* UnspleshCollectionImageCell.swift in Sources */,
				2D49A3F3211DFC600012D1D6 /* NetworkOperation.swift in Sources */,
				2D49A401211E03DD0012D1D6 /* UnsplashCollectionHeaderView.swift in Sources */,
				2DB9FF50211D6AE40075746F /* AppDelegate.swift in Sources */,
				2D9E531D2120B2570073A48E /* UnsplashAccessToken.swift in Sources */,
				2D49A3F7211DFE9F0012D1D6 /* UnsplashCollectionviewController.swift in Sources */,
				2D49A3EB211DD0E20012D1D6 /* RequestHelper.swift in Sources */,
				2D49A3ED211DD64B0012D1D6 /* CacheManager.swift in Sources */,
				2D9E5301211EDC000073A48E /* ResponseSerializer.swift in Sources */,
				2D9E5303211EE3D90073A48E /* BaseViewModel.swift in Sources */,
				2DB9FF71211D6CFB0075746F /* UIColor+Additions.swift in Sources */,
				2DB9FF7F211D7B020075746F /* NetworkQueueManager.swift in Sources */,
				2D49A3F1211DF9360012D1D6 /* ImageDownloader.swift in Sources */,
				2D9E53182120281D0073A48E /* UnsplashAuthManager.swift in Sources */,
				2D9E5313211F4A170073A48E /* AsynchronousOperation.swift in Sources */,
			);
			runOnlyForDeploymentPostprocessing = 0;
		};
		2DB9FF5C211D6AE60075746F /* Sources */ = {
			isa = PBXSourcesBuildPhase;
			buildActionMask = 2147483647;
			files = (
				2DB9FF65211D6AE60075746F /* UnsplashCollectionTests.swift in Sources */,
			);
			runOnlyForDeploymentPostprocessing = 0;
		};
/* End PBXSourcesBuildPhase section */

/* Begin PBXTargetDependency section */
		2DB9FF62211D6AE60075746F /* PBXTargetDependency */ = {
			isa = PBXTargetDependency;
			target = 2DB9FF4B211D6AE40075746F /* UnsplashCollection */;
			targetProxy = 2DB9FF61211D6AE60075746F /* PBXContainerItemProxy */;
		};
/* End PBXTargetDependency section */

/* Begin PBXVariantGroup section */
		2DB9FF53211D6AE40075746F /* Main.storyboard */ = {
			isa = PBXVariantGroup;
			children = (
				2DB9FF54211D6AE40075746F /* Base */,
			);
			name = Main.storyboard;
			sourceTree = "<group>";
		};
		2DB9FF58211D6AE60075746F /* LaunchScreen.storyboard */ = {
			isa = PBXVariantGroup;
			children = (
				2DB9FF59211D6AE60075746F /* Base */,
			);
			name = LaunchScreen.storyboard;
			sourceTree = "<group>";
		};
/* End PBXVariantGroup section */

/* Begin XCBuildConfiguration section */
		2DB9FF67211D6AE60075746F /* Debug */ = {
			isa = XCBuildConfiguration;
			buildSettings = {
				ALWAYS_SEARCH_USER_PATHS = NO;
				CLANG_ANALYZER_NONNULL = YES;
				CLANG_ANALYZER_NUMBER_OBJECT_CONVERSION = YES_AGGRESSIVE;
				CLANG_CXX_LANGUAGE_STANDARD = "gnu++14";
				CLANG_CXX_LIBRARY = "libc++";
				CLANG_ENABLE_MODULES = YES;
				CLANG_ENABLE_OBJC_ARC = YES;
				CLANG_ENABLE_OBJC_WEAK = YES;
				CLANG_WARN_BLOCK_CAPTURE_AUTORELEASING = YES;
				CLANG_WARN_BOOL_CONVERSION = YES;
				CLANG_WARN_COMMA = YES;
				CLANG_WARN_CONSTANT_CONVERSION = YES;
				CLANG_WARN_DEPRECATED_OBJC_IMPLEMENTATIONS = YES;
				CLANG_WARN_DIRECT_OBJC_ISA_USAGE = YES_ERROR;
				CLANG_WARN_DOCUMENTATION_COMMENTS = YES;
				CLANG_WARN_EMPTY_BODY = YES;
				CLANG_WARN_ENUM_CONVERSION = YES;
				CLANG_WARN_INFINITE_RECURSION = YES;
				CLANG_WARN_INT_CONVERSION = YES;
				CLANG_WARN_NON_LITERAL_NULL_CONVERSION = YES;
				CLANG_WARN_OBJC_IMPLICIT_RETAIN_SELF = YES;
				CLANG_WARN_OBJC_LITERAL_CONVERSION = YES;
				CLANG_WARN_OBJC_ROOT_CLASS = YES_ERROR;
				CLANG_WARN_RANGE_LOOP_ANALYSIS = YES;
				CLANG_WARN_STRICT_PROTOTYPES = YES;
				CLANG_WARN_SUSPICIOUS_MOVE = YES;
				CLANG_WARN_UNGUARDED_AVAILABILITY = YES_AGGRESSIVE;
				CLANG_WARN_UNREACHABLE_CODE = YES;
				CLANG_WARN__DUPLICATE_METHOD_MATCH = YES;
				CODE_SIGN_IDENTITY = "iPhone Developer";
				COPY_PHASE_STRIP = NO;
				DEBUG_INFORMATION_FORMAT = dwarf;
				ENABLE_STRICT_OBJC_MSGSEND = YES;
				ENABLE_TESTABILITY = YES;
				GCC_C_LANGUAGE_STANDARD = gnu11;
				GCC_DYNAMIC_NO_PIC = NO;
				GCC_NO_COMMON_BLOCKS = YES;
				GCC_OPTIMIZATION_LEVEL = 0;
				GCC_PREPROCESSOR_DEFINITIONS = (
					"DEBUG=1",
					"$(inherited)",
				);
				GCC_WARN_64_TO_32_BIT_CONVERSION = YES;
				GCC_WARN_ABOUT_RETURN_TYPE = YES_ERROR;
				GCC_WARN_UNDECLARED_SELECTOR = YES;
				GCC_WARN_UNINITIALIZED_AUTOS = YES_AGGRESSIVE;
				GCC_WARN_UNUSED_FUNCTION = YES;
				GCC_WARN_UNUSED_VARIABLE = YES;
				IPHONEOS_DEPLOYMENT_TARGET = 11.3;
				MTL_ENABLE_DEBUG_INFO = YES;
				ONLY_ACTIVE_ARCH = YES;
				SDKROOT = iphoneos;
				SWIFT_ACTIVE_COMPILATION_CONDITIONS = DEBUG;
				SWIFT_OPTIMIZATION_LEVEL = "-Onone";
			};
			name = Debug;
		};
		2DB9FF68211D6AE60075746F /* Release */ = {
			isa = XCBuildConfiguration;
			buildSettings = {
				ALWAYS_SEARCH_USER_PATHS = NO;
				CLANG_ANALYZER_NONNULL = YES;
				CLANG_ANALYZER_NUMBER_OBJECT_CONVERSION = YES_AGGRESSIVE;
				CLANG_CXX_LANGUAGE_STANDARD = "gnu++14";
				CLANG_CXX_LIBRARY = "libc++";
				CLANG_ENABLE_MODULES = YES;
				CLANG_ENABLE_OBJC_ARC = YES;
				CLANG_ENABLE_OBJC_WEAK = YES;
				CLANG_WARN_BLOCK_CAPTURE_AUTORELEASING = YES;
				CLANG_WARN_BOOL_CONVERSION = YES;
				CLANG_WARN_COMMA = YES;
				CLANG_WARN_CONSTANT_CONVERSION = YES;
				CLANG_WARN_DEPRECATED_OBJC_IMPLEMENTATIONS = YES;
				CLANG_WARN_DIRECT_OBJC_ISA_USAGE = YES_ERROR;
				CLANG_WARN_DOCUMENTATION_COMMENTS = YES;
				CLANG_WARN_EMPTY_BODY = YES;
				CLANG_WARN_ENUM_CONVERSION = YES;
				CLANG_WARN_INFINITE_RECURSION = YES;
				CLANG_WARN_INT_CONVERSION = YES;
				CLANG_WARN_NON_LITERAL_NULL_CONVERSION = YES;
				CLANG_WARN_OBJC_IMPLICIT_RETAIN_SELF = YES;
				CLANG_WARN_OBJC_LITERAL_CONVERSION = YES;
				CLANG_WARN_OBJC_ROOT_CLASS = YES_ERROR;
				CLANG_WARN_RANGE_LOOP_ANALYSIS = YES;
				CLANG_WARN_STRICT_PROTOTYPES = YES;
				CLANG_WARN_SUSPICIOUS_MOVE = YES;
				CLANG_WARN_UNGUARDED_AVAILABILITY = YES_AGGRESSIVE;
				CLANG_WARN_UNREACHABLE_CODE = YES;
				CLANG_WARN__DUPLICATE_METHOD_MATCH = YES;
				CODE_SIGN_IDENTITY = "iPhone Developer";
				COPY_PHASE_STRIP = NO;
				DEBUG_INFORMATION_FORMAT = "dwarf-with-dsym";
				ENABLE_NS_ASSERTIONS = NO;
				ENABLE_STRICT_OBJC_MSGSEND = YES;
				GCC_C_LANGUAGE_STANDARD = gnu11;
				GCC_NO_COMMON_BLOCKS = YES;
				GCC_WARN_64_TO_32_BIT_CONVERSION = YES;
				GCC_WARN_ABOUT_RETURN_TYPE = YES_ERROR;
				GCC_WARN_UNDECLARED_SELECTOR = YES;
				GCC_WARN_UNINITIALIZED_AUTOS = YES_AGGRESSIVE;
				GCC_WARN_UNUSED_FUNCTION = YES;
				GCC_WARN_UNUSED_VARIABLE = YES;
				IPHONEOS_DEPLOYMENT_TARGET = 11.3;
				MTL_ENABLE_DEBUG_INFO = NO;
				SDKROOT = iphoneos;
				SWIFT_COMPILATION_MODE = wholemodule;
				SWIFT_OPTIMIZATION_LEVEL = "-O";
				VALIDATE_PRODUCT = YES;
			};
			name = Release;
		};
		2DB9FF6A211D6AE60075746F /* Debug */ = {
			isa = XCBuildConfiguration;
			buildSettings = {
				ASSETCATALOG_COMPILER_APPICON_NAME = AppIcon;
				CODE_SIGN_STYLE = Automatic;
				INFOPLIST_FILE = UnsplashCollection/Info.plist;
				LD_RUNPATH_SEARCH_PATHS = (
					"$(inherited)",
					"@executable_path/Frameworks",
				);
				PRODUCT_BUNDLE_IDENTIFIER = ideveloperlab.com.UnsplashCollection;
				PRODUCT_NAME = "$(TARGET_NAME)";
				SWIFT_VERSION = 4.0;
				TARGETED_DEVICE_FAMILY = "1,2";
			};
			name = Debug;
		};
		2DB9FF6B211D6AE60075746F /* Release */ = {
			isa = XCBuildConfiguration;
			buildSettings = {
				ASSETCATALOG_COMPILER_APPICON_NAME = AppIcon;
				CODE_SIGN_STYLE = Automatic;
				INFOPLIST_FILE = UnsplashCollection/Info.plist;
				LD_RUNPATH_SEARCH_PATHS = (
					"$(inherited)",
					"@executable_path/Frameworks",
				);
				PRODUCT_BUNDLE_IDENTIFIER = ideveloperlab.com.UnsplashCollection;
				PRODUCT_NAME = "$(TARGET_NAME)";
				SWIFT_VERSION = 4.0;
				TARGETED_DEVICE_FAMILY = "1,2";
			};
			name = Release;
		};
		2DB9FF6D211D6AE60075746F /* Debug */ = {
			isa = XCBuildConfiguration;
			buildSettings = {
				ALWAYS_EMBED_SWIFT_STANDARD_LIBRARIES = YES;
				BUNDLE_LOADER = "$(TEST_HOST)";
				CODE_SIGN_STYLE = Automatic;
				INFOPLIST_FILE = UnsplashCollectionTests/Info.plist;
				LD_RUNPATH_SEARCH_PATHS = (
					"$(inherited)",
					"@executable_path/Frameworks",
					"@loader_path/Frameworks",
				);
				PRODUCT_BUNDLE_IDENTIFIER = ideveloperlab.com.UnsplashCollectionTests;
				PRODUCT_NAME = "$(TARGET_NAME)";
				SWIFT_VERSION = 4.0;
				TARGETED_DEVICE_FAMILY = "1,2";
				TEST_HOST = "$(BUILT_PRODUCTS_DIR)/UnsplashCollection.app/UnsplashCollection";
			};
			name = Debug;
		};
		2DB9FF6E211D6AE60075746F /* Release */ = {
			isa = XCBuildConfiguration;
			buildSettings = {
				ALWAYS_EMBED_SWIFT_STANDARD_LIBRARIES = YES;
				BUNDLE_LOADER = "$(TEST_HOST)";
				CODE_SIGN_STYLE = Automatic;
				INFOPLIST_FILE = UnsplashCollectionTests/Info.plist;
				LD_RUNPATH_SEARCH_PATHS = (
					"$(inherited)",
					"@executable_path/Frameworks",
					"@loader_path/Frameworks",
				);
				PRODUCT_BUNDLE_IDENTIFIER = ideveloperlab.com.UnsplashCollectionTests;
				PRODUCT_NAME = "$(TARGET_NAME)";
				SWIFT_VERSION = 4.0;
				TARGETED_DEVICE_FAMILY = "1,2";
				TEST_HOST = "$(BUILT_PRODUCTS_DIR)/UnsplashCollection.app/UnsplashCollection";
			};
			name = Release;
		};
/* End XCBuildConfiguration section */

/* Begin XCConfigurationList section */
		2DB9FF47211D6AE40075746F /* Build configuration list for PBXProject "UnsplashCollection" */ = {
			isa = XCConfigurationList;
			buildConfigurations = (
				2DB9FF67211D6AE60075746F /* Debug */,
				2DB9FF68211D6AE60075746F /* Release */,
			);
			defaultConfigurationIsVisible = 0;
			defaultConfigurationName = Release;
		};
		2DB9FF69211D6AE60075746F /* Build configuration list for PBXNativeTarget "UnsplashCollection" */ = {
			isa = XCConfigurationList;
			buildConfigurations = (
				2DB9FF6A211D6AE60075746F /* Debug */,
				2DB9FF6B211D6AE60075746F /* Release */,
			);
			defaultConfigurationIsVisible = 0;
			defaultConfigurationName = Release;
		};
		2DB9FF6C211D6AE60075746F /* Build configuration list for PBXNativeTarget "UnsplashCollectionTests" */ = {
			isa = XCConfigurationList;
			buildConfigurations = (
				2DB9FF6D211D6AE60075746F /* Debug */,
				2DB9FF6E211D6AE60075746F /* Release */,
			);
			defaultConfigurationIsVisible = 0;
			defaultConfigurationName = Release;
		};
/* End XCConfigurationList section */
	};
	rootObject = 2DB9FF44211D6AE40075746F /* Project object */;
}
